
Microsoft Visual Studio Solution File, Format Version 12.00
# Visual Studio Version 16
VisualStudioVersion = 16.0.29509.3
MinimumVisualStudioVersion = 10.0.40219.1
Project("{FAE04EC0-301F-11D3-BF4B-00C04F79EFBC}") = "FormsPrismAbsoluteUriNavigation.Android", "FormsPrismAbsoluteUriNavigation\FormsPrismAbsoluteUriNavigation.Android\FormsPrismAbsoluteUriNavigation.Android.csproj", "{3056E90C-859C-439C-899E-ADF2B2587DAD}"
EndProject
Project("{FAE04EC0-301F-11D3-BF4B-00C04F79EFBC}") = "FormsPrismAbsoluteUriNavigation.iOS", "FormsPrismAbsoluteUriNavigation\FormsPrismAbsoluteUriNavigation.iOS\FormsPrismAbsoluteUriNavigation.iOS.csproj", "{D9659BA1-1336-479C-B79E-70617595F1C0}"
EndProject
Project("{FAE04EC0-301F-11D3-BF4B-00C04F79EFBC}") = "FormsPrismAbsoluteUriNavigation", "FormsPrismAbsoluteUriNavigation\FormsPrismAbsoluteUriNavigation\FormsPrismAbsoluteUriNavigation.csproj", "{2B20C433-A24A-402E-8942-4658BFF80270}"
EndProject
Global
	GlobalSection(SolutionConfigurationPlatforms) = preSolution
		Debug|Any CPU = Debug|Any CPU
		Debug|iPhone = Debug|iPhone
		Debug|iPhoneSimulator = Debug|iPhoneSimulator
		Release|Any CPU = Release|Any CPU
		Release|iPhone = Release|iPhone
		Release|iPhoneSimulator = Release|iPhoneSimulator
	EndGlobalSection
	GlobalSection(ProjectConfigurationPlatforms) = postSolution
		{3056E90C-859C-439C-899E-ADF2B2587DAD}.Debug|Any CPU.ActiveCfg = Debug|Any CPU
		{3056E90C-859C-439C-899E-ADF2B2587DAD}.Debug|Any CPU.Build.0 = Debug|Any CPU
		{3056E90C-859C-439C-899E-ADF2B2587DAD}.Debug|Any CPU.Deploy.0 = Debug|Any CPU
		{3056E90C-859C-439C-899E-ADF2B2587DAD}.Debug|iPhone.ActiveCfg = Debug|Any CPU
		{3056E90C-859C-439C-899E-ADF2B2587DAD}.Debug|iPhone.Build.0 = Debug|Any CPU
		{3056E90C-859C-439C-899E-ADF2B2587DAD}.Debug|iPhone.Deploy.0 = Debug|Any CPU
		{3056E90C-859C-439C-899E-ADF2B2587DAD}.Debug|iPhoneSimulator.ActiveCfg = Debug|Any CPU
		{3056E90C-859C-439C-899E-ADF2B2587DAD}.Debug|iPhoneSimulator.Build.0 = Debug|Any CPU
		{3056E90C-859C-439C-899E-ADF2B2587DAD}.Debug|iPhoneSimulator.Deploy.0 = Debug|Any CPU
		{3056E90C-859C-439C-899E-ADF2B2587DAD}.Release|Any CPU.ActiveCfg = Release|Any CPU
		{3056E90C-859C-439C-899E-ADF2B2587DAD}.Release|Any CPU.Build.0 = Release|Any CPU
		{3056E90C-859C-439C-899E-ADF2B2587DAD}.Release|Any CPU.Deploy.0 = Release|Any CPU
		{3056E90C-859C-439C-899E-ADF2B2587DAD}.Release|iPhone.ActiveCfg = Release|Any CPU
		{3056E90C-859C-439C-899E-ADF2B2587DAD}.Release|iPhone.Build.0 = Release|Any CPU
		{3056E90C-859C-439C-899E-ADF2B2587DAD}.Release|iPhone.Deploy.0 = Release|Any CPU
		{3056E90C-859C-439C-899E-ADF2B2587DAD}.Release|iPhoneSimulator.ActiveCfg = Release|Any CPU
		{3056E90C-859C-439C-899E-ADF2B2587DAD}.Release|iPhoneSimulator.Build.0 = Release|Any CPU
		{3056E90C-859C-439C-899E-ADF2B2587DAD}.Release|iPhoneSimulator.Deploy.0 = Release|Any CPU
		{D9659BA1-1336-479C-B79E-70617595F1C0}.Debug|Any CPU.ActiveCfg = Debug|iPhoneSimulator
		{D9659BA1-1336-479C-B79E-70617595F1C0}.Debug|Any CPU.Build.0 = Debug|iPhoneSimulator
		{D9659BA1-1336-479C-B79E-70617595F1C0}.Debug|Any CPU.Deploy.0 = Debug|iPhoneSimulator
		{D9659BA1-1336-479C-B79E-70617595F1C0}.Debug|iPhone.ActiveCfg = Debug|iPhone
		{D9659BA1-1336-479C-B79E-70617595F1C0}.Debug|iPhone.Build.0 = Debug|iPhone
		{D9659BA1-1336-479C-B79E-70617595F1C0}.Debug|iPhone.Deploy.0 = Debug|iPhone
		{D9659BA1-1336-479C-B79E-70617595F1C0}.Debug|iPhoneSimulator.ActiveCfg = Debug|iPhoneSimulator
		{D9659BA1-1336-479C-B79E-70617595F1C0}.Debug|iPhoneSimulator.Build.0 = Debug|iPhoneSimulator
		{D9659BA1-1336-479C-B79E-70617595F1C0}.Debug|iPhoneSimulator.Deploy.0 = Debug|iPhoneSimulator
		{D9659BA1-1336-479C-B79E-70617595F1C0}.Release|Any CPU.ActiveCfg = Release|iPhone
		{D9659BA1-1336-479C-B79E-70617595F1C0}.Release|Any CPU.Build.0 = Release|iPhone
		{D9659BA1-1336-479C-B79E-70617595F1C0}.Release|Any CPU.Deploy.0 = Release|iPhone
		{D9659BA1-1336-479C-B79E-70617595F1C0}.Release|iPhone.ActiveCfg = Release|iPhone
		{D9659BA1-1336-479C-B79E-70617595F1C0}.Release|iPhone.Build.0 = Release|iPhone
		{D9659BA1-1336-479C-B79E-70617595F1C0}.Release|iPhone.Deploy.0 = Release|iPhone
		{D9659BA1-1336-479C-B79E-70617595F1C0}.Release|iPhoneSimulator.ActiveCfg = Release|iPhoneSimulator
		{D9659BA1-1336-479C-B79E-70617595F1C0}.Release|iPhoneSimulator.Build.0 = Release|iPhoneSimulator
		{D9659BA1-1336-479C-B79E-70617595F1C0}.Release|iPhoneSimulator.Deploy.0 = Release|iPhoneSimulator
		{2B20C433-A24A-402E-8942-4658BFF80270}.Debug|Any CPU.ActiveCfg = Debug|Any CPU
		{2B20C433-A24A-402E-8942-4658BFF80270}.Debug|Any CPU.Build.0 = Debug|Any CPU
		{2B20C433-A24A-402E-8942-4658BFF80270}.Debug|Any CPU.Deploy.0 = Debug|Any CPU
		{2B20C433-A24A-402E-8942-4658BFF80270}.Debug|iPhone.ActiveCfg = Debug|Any CPU
		{2B20C433-A24A-402E-8942-4658BFF80270}.Debug|iPhone.Build.0 = Debug|Any CPU
		{2B20C433-A24A-402E-8942-4658BFF80270}.Debug|iPhone.Deploy.0 = Debug|Any CPU
		{2B20C433-A24A-402E-8942-4658BFF80270}.Debug|iPhoneSimulator.ActiveCfg = Debug|Any CPU
		{2B20C433-A24A-402E-8942-4658BFF80270}.Debug|iPhoneSimulator.Build.0 = Debug|Any CPU
		{2B20C433-A24A-402E-8942-4658BFF80270}.Debug|iPhoneSimulator.Deploy.0 = Debug|Any CPU
		{2B20C433-A24A-402E-8942-4658BFF80270}.Release|Any CPU.ActiveCfg = Release|Any CPU
		{2B20C433-A24A-402E-8942-4658BFF80270}.Release|Any CPU.Build.0 = Release|Any CPU
		{2B20C433-A24A-402E-8942-4658BFF80270}.Release|Any CPU.Deploy.0 = Release|Any CPU
		{2B20C433-A24A-402E-8942-4658BFF80270}.Release|iPhone.ActiveCfg = Release|Any CPU
		{2B20C433-A24A-402E-8942-4658BFF80270}.Release|iPhone.Build.0 = Release|Any CPU
		{2B20C433-A24A-402E-8942-4658BFF80270}.Release|iPhone.Deploy.0 = Release|Any CPU
		{2B20C433-A24A-402E-8942-4658BFF80270}.Release|iPhoneSimulator.ActiveCfg = Release|Any CPU
		{2B20C433-A24A-402E-8942-4658BFF80270}.Release|iPhoneSimulator.Build.0 = Release|Any CPU
		{2B20C433-A24A-402E-8942-4658BFF80270}.Release|iPhoneSimulator.Deploy.0 = Release|Any CPU
	EndGlobalSection
	GlobalSection(SolutionProperties) = preSolution
		HideSolutionNode = FALSE
	EndGlobalSection
	GlobalSection(ExtensibilityGlobals) = postSolution
		SolutionGuid = {275551ED-6BF4-4D4E-B044-F618CEE40478}
	EndGlobalSection
EndGlobal
